{
  "version": 4,
  "terraform_version": "1.9.8",
  "serial": 1,
  "lineage": "a0a80feb-158f-159e-006c-f2ffc5c52d60",
  "outputs": {},
  "resources": [
    {
      "mode": "managed",
      "type": "local_file",
      "name": "example",
      "provider": "provider[\"registry.terraform.io/hashicorp/local\"]",
      "instances": [
        {
          "schema_version": 0,
          "attributes": {
            "content": "Hello world",
            "content_base64": null,
            "content_base64sha256": "ZOyIygCyaOW6GjVnihtTFtIS9PNmskdyMlNKiuyjfzw=",
            "content_base64sha512": "t/eDuu2Cl/DbkXRiGE/08I5pwtXl95qUJgD5cl9Yzh8pwYE5v4CwbA//K900c4RS7PQMSIwip+PYDN9vnBwNRw==",
            "content_md5": "3e25960a79dbc69b674cd4ec67a72c62",
            "content_sha1": "7b502c3a1f48c8609ae212cdfb639dee39673f5e",
            "content_sha256": "64ec88ca00b268e5ba1a35678a1b5316d212f4f366b2477232534a8aeca37f3c",
            "content_sha512": "b7f783baed8297f0db917462184ff4f08e69c2d5e5f79a942600f9725f58ce1f29c18139bf80b06c0fff2bdd34738452ecf40c488c22a7e3d80cdf6f9c1c0d47",
            "directory_permission": "0777",
            "file_permission": "0777",
            "filename": "file_example.txt",
            "id": "7b502c3a1f48c8609ae212cdfb639dee39673f5e",
            "sensitive_content": null,
            "source": null
          },
          "sensitive_attributes": [
            [
              {
                "type": "get_attr",
                "value": "sensitive_content"
              }
            ]
          ]
        }
      ]
    }
  ],
  "check_results": null
}
